
Microsoft Visual Studio Solution File, Format Version 12.00
# Visual Studio Version 16
VisualStudioVersion = 16.0.29409.12
MinimumVisualStudioVersion = 10.0.40219.1
Project("{888888A0-9F3D-457C-B088-3A5042F75D52}") = "HousingML", "HousingML.pyproj", "{0D502EF2-D751-4BCA-A81D-74559A8A9AC5}"
EndProject
Global
	GlobalSection(SolutionConfigurationPlatforms) = preSolution
		Debug|Any CPU = Debug|Any CPU
		Release|Any CPU = Release|Any CPU
	EndGlobalSection
	GlobalSection(ProjectConfigurationPlatforms) = postSolution
		{0D502EF2-D751-4BCA-A81D-74559A8A9AC5}.Debug|Any CPU.ActiveCfg = Debug|Any CPU
		{0D502EF2-D751-4BCA-A81D-74559A8A9AC5}.Release|Any CPU.ActiveCfg = Release|Any CPU
	EndGlobalSection
	GlobalSection(SolutionProperties) = preSolution
		HideSolutionNode = FALSE
	EndGlobalSection
	GlobalSection(ExtensibilityGlobals) = postSolution
		SolutionGuid = {1AF64A6E-6DCD-4731-B0B5-80C6139D854F}
	EndGlobalSection
EndGlobal
